{
  "version": "5",
  "specifiers": {
    "jsr:@std/assert@0.226": "0.226.0",
    "jsr:@std/internal@1": "1.0.13"
  },
  "jsr": {
    "@std/assert@0.226.0": {
      "integrity": "0dfb5f7c7723c18cec118e080fec76ce15b4c31154b15ad2bd74822603ef75b3",
      "dependencies": [
        "jsr:@std/internal"
      ]
    },
    "@std/internal@1.0.13": {
      "integrity": "2f9546691d4ac2d32859c82dff284aaeac980ddeca38430d07941e7e288725c0"
    }
  },
  "workspace": {
    "packageJson": {
      "dependencies": [
        "npm:@capacitor/android@^8.3.0",
        "npm:@capacitor/app@^8.1.0",
        "npm:@capacitor/cli@^8.3.0",
        "npm:@capacitor/core@^8.3.0",
        "npm:@eslint/js@^9.9.1",
        "npm:@supabase/supabase-js@^2.57.4",
        "npm:@types/react-dom@^18.3.0",
        "npm:@types/react@^18.3.5",
        "npm:@vitejs/plugin-react@^4.3.1",
        "npm:autoprefixer@^10.4.18",
        "npm:eslint-plugin-react-hooks@^5.1.0-rc.0",
        "npm:eslint-plugin-react-refresh@~0.4.11",
        "npm:eslint@^9.9.1",
        "npm:globals@^15.9.0",
        "npm:lucide-react@0.344",
        "npm:postcss@^8.4.35",
        "npm:react-dom@^18.3.1",
        "npm:react@^18.3.1",
        "npm:supabase@^2.84.10",
        "npm:tailwindcss@^3.4.1",
        "npm:typescript-eslint@^8.3.0",
        "npm:typescript@^5.5.3",
        "npm:vite@^5.4.2",
        "npm:xlsx@~0.18.5"
      ]
    }
  }
}
